
Microsoft Visual Studio Solution File, Format Version 12.00
# Visual Studio Version 16
VisualStudioVersion = 16.0.30413.136
MinimumVisualStudioVersion = 10.0.40219.1
Project("{9A19103F-16F7-4668-BE54-9A1E7A4F7556}") = "net-core-api-boiler-plate", "net-core-api-boiler-plate.csproj", "{F6A34E31-AC3F-4D6D-B641-F7293DEFAD37}"
EndProject
Global
	GlobalSection(SolutionConfigurationPlatforms) = preSolution
		Debug|Any CPU = Debug|Any CPU
		Release|Any CPU = Release|Any CPU
	EndGlobalSection
	GlobalSection(ProjectConfigurationPlatforms) = postSolution
		{F6A34E31-AC3F-4D6D-B641-F7293DEFAD37}.Debug|Any CPU.ActiveCfg = Debug|Any CPU
		{F6A34E31-AC3F-4D6D-B641-F7293DEFAD37}.Debug|Any CPU.Build.0 = Debug|Any CPU
		{F6A34E31-AC3F-4D6D-B641-F7293DEFAD37}.Release|Any CPU.ActiveCfg = Release|Any CPU
		{F6A34E31-AC3F-4D6D-B641-F7293DEFAD37}.Release|Any CPU.Build.0 = Release|Any CPU
	EndGlobalSection
	GlobalSection(SolutionProperties) = preSolution
		HideSolutionNode = FALSE
	EndGlobalSection
	GlobalSection(ExtensibilityGlobals) = postSolution
		SolutionGuid = {524BF1A9-34D2-4CE6-A120-F2B73F8150A0}
	EndGlobalSection
EndGlobal
